
Microsoft Visual Studio Solution File, Format Version 12.00
# Visual Studio Version 17
VisualStudioVersion = 17.8.34309.116
MinimumVisualStudioVersion = 10.0.40219.1
Project("{FAE04EC0-301F-11D3-BF4B-00C04F79EFBC}") = "SSO.Blazor", "SSO.Blazor\SSO.Blazor.csproj", "{8CA726C2-2B86-422D-B8D3-3B203262CB9E}"
EndProject
Project("{FAE04EC0-301F-11D3-BF4B-00C04F79EFBC}") = "SSO.API", "SSO.API\SSO.API.csproj", "{1AFE22CE-FF43-4CBA-A732-4412C43BA054}"
EndProject
Global
	GlobalSection(SolutionConfigurationPlatforms) = preSolution
		Debug|Any CPU = Debug|Any CPU
		Release|Any CPU = Release|Any CPU
	EndGlobalSection
	GlobalSection(ProjectConfigurationPlatforms) = postSolution
		{8CA726C2-2B86-422D-B8D3-3B203262CB9E}.Debug|Any CPU.ActiveCfg = Debug|Any CPU
		{8CA726C2-2B86-422D-B8D3-3B203262CB9E}.Debug|Any CPU.Build.0 = Debug|Any CPU
		{8CA726C2-2B86-422D-B8D3-3B203262CB9E}.Release|Any CPU.ActiveCfg = Release|Any CPU
		{8CA726C2-2B86-422D-B8D3-3B203262CB9E}.Release|Any CPU.Build.0 = Release|Any CPU
		{1AFE22CE-FF43-4CBA-A732-4412C43BA054}.Debug|Any CPU.ActiveCfg = Debug|Any CPU
		{1AFE22CE-FF43-4CBA-A732-4412C43BA054}.Debug|Any CPU.Build.0 = Debug|Any CPU
		{1AFE22CE-FF43-4CBA-A732-4412C43BA054}.Release|Any CPU.ActiveCfg = Release|Any CPU
		{1AFE22CE-FF43-4CBA-A732-4412C43BA054}.Release|Any CPU.Build.0 = Release|Any CPU
	EndGlobalSection
	GlobalSection(SolutionProperties) = preSolution
		HideSolutionNode = FALSE
	EndGlobalSection
	GlobalSection(ExtensibilityGlobals) = postSolution
		SolutionGuid = {724CF6CC-5E22-4C11-8A2E-2D4C11AACC9F}
	EndGlobalSection
EndGlobal
